
Microsoft Visual Studio Solution File, Format Version 12.00
# Visual Studio Version 16
VisualStudioVersion = 16.0.808.4
MinimumVisualStudioVersion = 10.0.40219.1
Project("{FAE04EC0-301F-11D3-BF4B-00C04F79EFBC}") = "Polymorphism", "Polymorphism\Polymorphism.csproj", "{A9DB2D90-170D-4BF8-8518-F342A5045C7C}"
EndProject
Project("{FAE04EC0-301F-11D3-BF4B-00C04F79EFBC}") = "PolymorphismTestProject", "PolymorphismTestProject\PolymorphismTestProject.csproj", "{2C6E90BD-E5A4-4176-8F7F-E50C22B97C5C}"
EndProject
Global
	GlobalSection(SolutionConfigurationPlatforms) = preSolution
		Debug|Any CPU = Debug|Any CPU
		Release|Any CPU = Release|Any CPU
	EndGlobalSection
	GlobalSection(ProjectConfigurationPlatforms) = postSolution
		{A9DB2D90-170D-4BF8-8518-F342A5045C7C}.Debug|Any CPU.ActiveCfg = Debug|Any CPU
		{A9DB2D90-170D-4BF8-8518-F342A5045C7C}.Debug|Any CPU.Build.0 = Debug|Any CPU
		{A9DB2D90-170D-4BF8-8518-F342A5045C7C}.Release|Any CPU.ActiveCfg = Release|Any CPU
		{A9DB2D90-170D-4BF8-8518-F342A5045C7C}.Release|Any CPU.Build.0 = Release|Any CPU
		{2C6E90BD-E5A4-4176-8F7F-E50C22B97C5C}.Debug|Any CPU.ActiveCfg = Debug|Any CPU
		{2C6E90BD-E5A4-4176-8F7F-E50C22B97C5C}.Debug|Any CPU.Build.0 = Debug|Any CPU
		{2C6E90BD-E5A4-4176-8F7F-E50C22B97C5C}.Release|Any CPU.ActiveCfg = Release|Any CPU
		{2C6E90BD-E5A4-4176-8F7F-E50C22B97C5C}.Release|Any CPU.Build.0 = Release|Any CPU
	EndGlobalSection
	GlobalSection(SolutionProperties) = preSolution
		HideSolutionNode = FALSE
	EndGlobalSection
	GlobalSection(ExtensibilityGlobals) = postSolution
		SolutionGuid = {6DAD86A2-DE93-4DC0-8394-D03E73486DBB}
	EndGlobalSection
EndGlobal
